{
  "name": "querybee",
  "version": "1.0.0",
  "lockfileVersion": 3,
  "requires": true,
  "packages": {
    "": {
      "name": "querybee",
      "version": "1.0.0",
      "license": "ISC",
      "dependencies": {
        "create-next-app": "^15.5.0"
      }
    },
    "node_modules/create-next-app": {
      "version": "15.5.0",
      "resolved": "https://registry.npmjs.org/create-next-app/-/create-next-app-15.5.0.tgz",
      "integrity": "sha512-eqeD4CYAviZb4ZUXTvb1iKLmBMB7XWzKgM0eqT8QOmQQDO1682wVMRqnlWZ0unzKNdOw+z32qRfwey23TsFntQ==",
      "bin": {
        "create-next-app": "dist/index.js"
      },
      "engines": {
        "node": ">=18.18.0"
      }
    }
  }
}
